
Microsoft Visual Studio Solution File, Format Version 12.00
# Visual Studio Version 16
VisualStudioVersion = 16.0.29519.87
MinimumVisualStudioVersion = 10.0.40219.1
Project("{9A19103F-16F7-4668-BE54-9A1E7A4F7556}") = "FindUa.RstParser", "FindUa.RstParser\FindUa.RstParser.csproj", "{1BC599E0-1B09-4895-BD95-1E8A94D983E3}"
EndProject
Project("{9A19103F-16F7-4668-BE54-9A1E7A4F7556}") = "FindUa.Parser.Core", "FindUa.Parser.Core\FindUa.Parser.Core.csproj", "{4798EFCA-A4D3-4311-A620-288E73081767}"
EndProject
Project("{2150E333-8FDC-42A3-9474-1A3956D46DE8}") = "Services", "Services", "{1508B0C6-62AD-402B-BF8C-F3C00AB39358}"
EndProject
Project("{2150E333-8FDC-42A3-9474-1A3956D46DE8}") = "TransportParsers", "TransportParsers", "{33975334-3C4B-45F9-87E9-CA3C81A8F859}"
EndProject
Project("{9A19103F-16F7-4668-BE54-9A1E7A4F7556}") = "Common.Core", "Common.Core\Common.Core.csproj", "{18998832-08FE-47C3-BBB0-33B30393EFB1}"
EndProject
Project("{9A19103F-16F7-4668-BE54-9A1E7A4F7556}") = "FindUa.Parser.Data", "FindUa.Parser.Data\FindUa.Parser.Data.csproj", "{1845E620-AA5D-4FB9-A279-17F70F9FC109}"
EndProject
Project("{2150E333-8FDC-42A3-9474-1A3956D46DE8}") = "Databases", "Databases", "{6EA9161F-C58C-43A0-A8A3-37284A9606F8}"
EndProject
Project("{00D1A9C2-B5F0-4AF3-8072-F6C62B433612}") = "FindUa.TransportDatabase", "FindUa.TransportDatabase\FindUa.TransportDatabase.sqlproj", "{61ED75DD-D1A8-48FC-AAC2-B7335FBE9279}"
EndProject
Project("{9A19103F-16F7-4668-BE54-9A1E7A4F7556}") = "FindUa.RstParser.Domain", "FindUa.RstParser.Domain\FindUa.RstParser.Domain.csproj", "{5DD62364-DACB-4DEC-8D6B-4A06982DA1F9}"
EndProject
Project("{2150E333-8FDC-42A3-9474-1A3956D46DE8}") = "Common", "Common", "{3F2500E1-F998-4409-AF05-E96FAAA1AD3A}"
EndProject
Project("{2150E333-8FDC-42A3-9474-1A3956D46DE8}") = "RST", "RST", "{6FE67D25-DB44-491E-BDE4-BF4E4A6CF15E}"
EndProject
Project("{2150E333-8FDC-42A3-9474-1A3956D46DE8}") = "ProxyGrabber", "ProxyGrabber", "{66A22319-E0B2-4DF8-A566-06A8E445BA55}"
EndProject
Project("{9A19103F-16F7-4668-BE54-9A1E7A4F7556}") = "FindUa.ProxyGrabber", "FindUa.ProxyGrabber\FindUa.ProxyGrabber.csproj", "{0E82189E-766A-4FEA-AC22-0934D2C778D3}"
EndProject
Project("{2150E333-8FDC-42A3-9474-1A3956D46DE8}") = "Auth", "Auth", "{B2AB8175-9E71-4071-B02A-0843648B7B46}"
EndProject
Project("{2150E333-8FDC-42A3-9474-1A3956D46DE8}") = "Services.Shared", "Services.Shared", "{16F6AA3C-7074-40E5-9969-344CFB102FAD}"
EndProject
Project("{2150E333-8FDC-42A3-9474-1A3956D46DE8}") = "Contracts", "Contracts", "{6CCCA7B3-B3EA-4D3C-A6C4-0B983FF19995}"
EndProject
Project("{9A19103F-16F7-4668-BE54-9A1E7A4F7556}") = "Common.Messaging", "Common.Messaging\Common.Messaging.csproj", "{94586AA9-381D-40FE-9450-2AA9D58B5725}"
EndProject
Project("{9A19103F-16F7-4668-BE54-9A1E7A4F7556}") = "Common.Networking", "Common.Networking\Common.Networking.csproj", "{C56759DB-2645-4DF4-84D1-9E7ECA94C363}"
EndProject
Project("{9A19103F-16F7-4668-BE54-9A1E7A4F7556}") = "Auth.API", "Auth.API\Auth.API.csproj", "{6DAD6794-AA3F-49E5-AF4F-4CE7C18D4B68}"
EndProject
Project("{9A19103F-16F7-4668-BE54-9A1E7A4F7556}") = "Auth.Core", "Auth.Core\Auth.Core.csproj", "{0328275B-77D7-4BA8-A404-EBFD9FA7EF55}"
EndProject
Project("{9A19103F-16F7-4668-BE54-9A1E7A4F7556}") = "Auth.Data", "Auth.Data\Auth.Data.csproj", "{18F08EFA-0F29-467D-A8F1-C3D92ADD2818}"
EndProject
Project("{9A19103F-16F7-4668-BE54-9A1E7A4F7556}") = "Auth.ExternalProviders", "Auth.ExternalProviders\Auth.ExternalProviders.csproj", "{3E14EBB4-CFCF-468E-9E11-3EF251B9C196}"
EndProject
Project("{2150E333-8FDC-42A3-9474-1A3956D46DE8}") = "DataAccess", "DataAccess", "{3EB8CCE7-4B14-40F3-B125-B3436C29E609}"
EndProject
Project("{9A19103F-16F7-4668-BE54-9A1E7A4F7556}") = "Services.Shared.DataAccess", "Services.Shared.DataAccess\Services.Shared.DataAccess.csproj", "{F274A2EC-F94C-449A-BDCE-E4C08AC5730A}"
EndProject
Project("{2150E333-8FDC-42A3-9474-1A3956D46DE8}") = "ApiGateways", "ApiGateways", "{1CF2D50B-A9F2-47F5-A90A-92B3A9630B40}"
EndProject
Project("{2150E333-8FDC-42A3-9474-1A3956D46DE8}") = "Infrastructure", "Infrastructure", "{81AEF08D-BD07-4EFE-A8E9-6473451805FE}"
EndProject
Global
	GlobalSection(SolutionConfigurationPlatforms) = preSolution
		Debug|Any CPU = Debug|Any CPU
		Release|Any CPU = Release|Any CPU
	EndGlobalSection
	GlobalSection(ProjectConfigurationPlatforms) = postSolution
		{1BC599E0-1B09-4895-BD95-1E8A94D983E3}.Debug|Any CPU.ActiveCfg = Debug|Any CPU
		{1BC599E0-1B09-4895-BD95-1E8A94D983E3}.Debug|Any CPU.Build.0 = Debug|Any CPU
		{1BC599E0-1B09-4895-BD95-1E8A94D983E3}.Release|Any CPU.ActiveCfg = Release|Any CPU
		{1BC599E0-1B09-4895-BD95-1E8A94D983E3}.Release|Any CPU.Build.0 = Release|Any CPU
		{4798EFCA-A4D3-4311-A620-288E73081767}.Debug|Any CPU.ActiveCfg = Debug|Any CPU
		{4798EFCA-A4D3-4311-A620-288E73081767}.Debug|Any CPU.Build.0 = Debug|Any CPU
		{4798EFCA-A4D3-4311-A620-288E73081767}.Release|Any CPU.ActiveCfg = Release|Any CPU
		{4798EFCA-A4D3-4311-A620-288E73081767}.Release|Any CPU.Build.0 = Release|Any CPU
		{18998832-08FE-47C3-BBB0-33B30393EFB1}.Debug|Any CPU.ActiveCfg = Debug|Any CPU
		{18998832-08FE-47C3-BBB0-33B30393EFB1}.Debug|Any CPU.Build.0 = Debug|Any CPU
		{18998832-08FE-47C3-BBB0-33B30393EFB1}.Release|Any CPU.ActiveCfg = Release|Any CPU
		{18998832-08FE-47C3-BBB0-33B30393EFB1}.Release|Any CPU.Build.0 = Release|Any CPU
		{1845E620-AA5D-4FB9-A279-17F70F9FC109}.Debug|Any CPU.ActiveCfg = Debug|Any CPU
		{1845E620-AA5D-4FB9-A279-17F70F9FC109}.Debug|Any CPU.Build.0 = Debug|Any CPU
		{1845E620-AA5D-4FB9-A279-17F70F9FC109}.Release|Any CPU.ActiveCfg = Release|Any CPU
		{1845E620-AA5D-4FB9-A279-17F70F9FC109}.Release|Any CPU.Build.0 = Release|Any CPU
		{61ED75DD-D1A8-48FC-AAC2-B7335FBE9279}.Debug|Any CPU.ActiveCfg = Debug|Any CPU
		{61ED75DD-D1A8-48FC-AAC2-B7335FBE9279}.Debug|Any CPU.Build.0 = Debug|Any CPU
		{61ED75DD-D1A8-48FC-AAC2-B7335FBE9279}.Debug|Any CPU.Deploy.0 = Debug|Any CPU
		{61ED75DD-D1A8-48FC-AAC2-B7335FBE9279}.Release|Any CPU.ActiveCfg = Release|Any CPU
		{61ED75DD-D1A8-48FC-AAC2-B7335FBE9279}.Release|Any CPU.Build.0 = Release|Any CPU
		{61ED75DD-D1A8-48FC-AAC2-B7335FBE9279}.Release|Any CPU.Deploy.0 = Release|Any CPU
		{5DD62364-DACB-4DEC-8D6B-4A06982DA1F9}.Debug|Any CPU.ActiveCfg = Debug|Any CPU
		{5DD62364-DACB-4DEC-8D6B-4A06982DA1F9}.Debug|Any CPU.Build.0 = Debug|Any CPU
		{5DD62364-DACB-4DEC-8D6B-4A06982DA1F9}.Release|Any CPU.ActiveCfg = Release|Any CPU
		{5DD62364-DACB-4DEC-8D6B-4A06982DA1F9}.Release|Any CPU.Build.0 = Release|Any CPU
		{0E82189E-766A-4FEA-AC22-0934D2C778D3}.Debug|Any CPU.ActiveCfg = Debug|Any CPU
		{0E82189E-766A-4FEA-AC22-0934D2C778D3}.Debug|Any CPU.Build.0 = Debug|Any CPU
		{0E82189E-766A-4FEA-AC22-0934D2C778D3}.Release|Any CPU.ActiveCfg = Release|Any CPU
		{0E82189E-766A-4FEA-AC22-0934D2C778D3}.Release|Any CPU.Build.0 = Release|Any CPU
		{94586AA9-381D-40FE-9450-2AA9D58B5725}.Debug|Any CPU.ActiveCfg = Debug|Any CPU
		{94586AA9-381D-40FE-9450-2AA9D58B5725}.Debug|Any CPU.Build.0 = Debug|Any CPU
		{94586AA9-381D-40FE-9450-2AA9D58B5725}.Release|Any CPU.ActiveCfg = Release|Any CPU
		{94586AA9-381D-40FE-9450-2AA9D58B5725}.Release|Any CPU.Build.0 = Release|Any CPU
		{C56759DB-2645-4DF4-84D1-9E7ECA94C363}.Debug|Any CPU.ActiveCfg = Debug|Any CPU
		{C56759DB-2645-4DF4-84D1-9E7ECA94C363}.Debug|Any CPU.Build.0 = Debug|Any CPU
		{C56759DB-2645-4DF4-84D1-9E7ECA94C363}.Release|Any CPU.ActiveCfg = Release|Any CPU
		{C56759DB-2645-4DF4-84D1-9E7ECA94C363}.Release|Any CPU.Build.0 = Release|Any CPU
		{6DAD6794-AA3F-49E5-AF4F-4CE7C18D4B68}.Debug|Any CPU.ActiveCfg = Debug|Any CPU
		{6DAD6794-AA3F-49E5-AF4F-4CE7C18D4B68}.Debug|Any CPU.Build.0 = Debug|Any CPU
		{6DAD6794-AA3F-49E5-AF4F-4CE7C18D4B68}.Release|Any CPU.ActiveCfg = Release|Any CPU
		{6DAD6794-AA3F-49E5-AF4F-4CE7C18D4B68}.Release|Any CPU.Build.0 = Release|Any CPU
		{0328275B-77D7-4BA8-A404-EBFD9FA7EF55}.Debug|Any CPU.ActiveCfg = Debug|Any CPU
		{0328275B-77D7-4BA8-A404-EBFD9FA7EF55}.Debug|Any CPU.Build.0 = Debug|Any CPU
		{0328275B-77D7-4BA8-A404-EBFD9FA7EF55}.Release|Any CPU.ActiveCfg = Release|Any CPU
		{0328275B-77D7-4BA8-A404-EBFD9FA7EF55}.Release|Any CPU.Build.0 = Release|Any CPU
		{18F08EFA-0F29-467D-A8F1-C3D92ADD2818}.Debug|Any CPU.ActiveCfg = Debug|Any CPU
		{18F08EFA-0F29-467D-A8F1-C3D92ADD2818}.Debug|Any CPU.Build.0 = Debug|Any CPU
		{18F08EFA-0F29-467D-A8F1-C3D92ADD2818}.Release|Any CPU.ActiveCfg = Release|Any CPU
		{18F08EFA-0F29-467D-A8F1-C3D92ADD2818}.Release|Any CPU.Build.0 = Release|Any CPU
		{3E14EBB4-CFCF-468E-9E11-3EF251B9C196}.Debug|Any CPU.ActiveCfg = Debug|Any CPU
		{3E14EBB4-CFCF-468E-9E11-3EF251B9C196}.Debug|Any CPU.Build.0 = Debug|Any CPU
		{3E14EBB4-CFCF-468E-9E11-3EF251B9C196}.Release|Any CPU.ActiveCfg = Release|Any CPU
		{3E14EBB4-CFCF-468E-9E11-3EF251B9C196}.Release|Any CPU.Build.0 = Release|Any CPU
		{F274A2EC-F94C-449A-BDCE-E4C08AC5730A}.Debug|Any CPU.ActiveCfg = Debug|Any CPU
		{F274A2EC-F94C-449A-BDCE-E4C08AC5730A}.Debug|Any CPU.Build.0 = Debug|Any CPU
		{F274A2EC-F94C-449A-BDCE-E4C08AC5730A}.Release|Any CPU.ActiveCfg = Release|Any CPU
		{F274A2EC-F94C-449A-BDCE-E4C08AC5730A}.Release|Any CPU.Build.0 = Release|Any CPU
	EndGlobalSection
	GlobalSection(SolutionProperties) = preSolution
		HideSolutionNode = FALSE
	EndGlobalSection
	GlobalSection(NestedProjects) = preSolution
		{1BC599E0-1B09-4895-BD95-1E8A94D983E3} = {6FE67D25-DB44-491E-BDE4-BF4E4A6CF15E}
		{4798EFCA-A4D3-4311-A620-288E73081767} = {3F2500E1-F998-4409-AF05-E96FAAA1AD3A}
		{33975334-3C4B-45F9-87E9-CA3C81A8F859} = {1508B0C6-62AD-402B-BF8C-F3C00AB39358}
		{18998832-08FE-47C3-BBB0-33B30393EFB1} = {81AEF08D-BD07-4EFE-A8E9-6473451805FE}
		{1845E620-AA5D-4FB9-A279-17F70F9FC109} = {3F2500E1-F998-4409-AF05-E96FAAA1AD3A}
		{61ED75DD-D1A8-48FC-AAC2-B7335FBE9279} = {6EA9161F-C58C-43A0-A8A3-37284A9606F8}
		{5DD62364-DACB-4DEC-8D6B-4A06982DA1F9} = {6FE67D25-DB44-491E-BDE4-BF4E4A6CF15E}
		{3F2500E1-F998-4409-AF05-E96FAAA1AD3A} = {33975334-3C4B-45F9-87E9-CA3C81A8F859}
		{6FE67D25-DB44-491E-BDE4-BF4E4A6CF15E} = {33975334-3C4B-45F9-87E9-CA3C81A8F859}
		{66A22319-E0B2-4DF8-A566-06A8E445BA55} = {1508B0C6-62AD-402B-BF8C-F3C00AB39358}
		{0E82189E-766A-4FEA-AC22-0934D2C778D3} = {66A22319-E0B2-4DF8-A566-06A8E445BA55}
		{B2AB8175-9E71-4071-B02A-0843648B7B46} = {1508B0C6-62AD-402B-BF8C-F3C00AB39358}
		{6CCCA7B3-B3EA-4D3C-A6C4-0B983FF19995} = {16F6AA3C-7074-40E5-9969-344CFB102FAD}
		{94586AA9-381D-40FE-9450-2AA9D58B5725} = {81AEF08D-BD07-4EFE-A8E9-6473451805FE}
		{C56759DB-2645-4DF4-84D1-9E7ECA94C363} = {81AEF08D-BD07-4EFE-A8E9-6473451805FE}
		{6DAD6794-AA3F-49E5-AF4F-4CE7C18D4B68} = {B2AB8175-9E71-4071-B02A-0843648B7B46}
		{0328275B-77D7-4BA8-A404-EBFD9FA7EF55} = {B2AB8175-9E71-4071-B02A-0843648B7B46}
		{18F08EFA-0F29-467D-A8F1-C3D92ADD2818} = {B2AB8175-9E71-4071-B02A-0843648B7B46}
		{3E14EBB4-CFCF-468E-9E11-3EF251B9C196} = {B2AB8175-9E71-4071-B02A-0843648B7B46}
		{3EB8CCE7-4B14-40F3-B125-B3436C29E609} = {16F6AA3C-7074-40E5-9969-344CFB102FAD}
		{F274A2EC-F94C-449A-BDCE-E4C08AC5730A} = {3EB8CCE7-4B14-40F3-B125-B3436C29E609}
		{81AEF08D-BD07-4EFE-A8E9-6473451805FE} = {16F6AA3C-7074-40E5-9969-344CFB102FAD}
	EndGlobalSection
	GlobalSection(ExtensibilityGlobals) = postSolution
		SolutionGuid = {94DD4D55-414C-4566-8C6D-F9D66D87E3B2}
	EndGlobalSection
EndGlobal
